
Microsoft Visual Studio Solution File, Format Version 12.00
# Visual Studio Version 16
VisualStudioVersion = 16.0.30611.23
MinimumVisualStudioVersion = 10.0.40219.1
Project("{9A19103F-16F7-4668-BE54-9A1E7A4F7556}") = "BlazorServerApp", "BlazorServerApp\BlazorServerApp.csproj", "{0DE528A8-3D59-47F9-AC30-EA36676260C8}"
EndProject
Project("{FAE04EC0-301F-11D3-BF4B-00C04F79EFBC}") = "eShop.CoreBusiness", "eShop.CoreBusiness\eShop.CoreBusiness.csproj", "{8F7214CD-BD5A-4D2F-BE1B-A43C2EF397F2}"
EndProject
Global
	GlobalSection(SolutionConfigurationPlatforms) = preSolution
		Debug|Any CPU = Debug|Any CPU
		Release|Any CPU = Release|Any CPU
	EndGlobalSection
	GlobalSection(ProjectConfigurationPlatforms) = postSolution
		{0DE528A8-3D59-47F9-AC30-EA36676260C8}.Debug|Any CPU.ActiveCfg = Debug|Any CPU
		{0DE528A8-3D59-47F9-AC30-EA36676260C8}.Debug|Any CPU.Build.0 = Debug|Any CPU
		{0DE528A8-3D59-47F9-AC30-EA36676260C8}.Release|Any CPU.ActiveCfg = Release|Any CPU
		{0DE528A8-3D59-47F9-AC30-EA36676260C8}.Release|Any CPU.Build.0 = Release|Any CPU
		{8F7214CD-BD5A-4D2F-BE1B-A43C2EF397F2}.Debug|Any CPU.ActiveCfg = Debug|Any CPU
		{8F7214CD-BD5A-4D2F-BE1B-A43C2EF397F2}.Debug|Any CPU.Build.0 = Debug|Any CPU
		{8F7214CD-BD5A-4D2F-BE1B-A43C2EF397F2}.Release|Any CPU.ActiveCfg = Release|Any CPU
		{8F7214CD-BD5A-4D2F-BE1B-A43C2EF397F2}.Release|Any CPU.Build.0 = Release|Any CPU
	EndGlobalSection
	GlobalSection(SolutionProperties) = preSolution
		HideSolutionNode = FALSE
	EndGlobalSection
	GlobalSection(ExtensibilityGlobals) = postSolution
		SolutionGuid = {AFC9AECC-27D3-4C98-BA02-7BAF08EF2E94}
	EndGlobalSection
EndGlobal
